
Microsoft Visual Studio Solution File, Format Version 12.00
# Visual Studio Version 17
VisualStudioVersion = 17.0.31903.59
MinimumVisualStudioVersion = 10.0.40219.1
Project("{FAE04EC0-301F-11D3-BF4B-00C04F79EFBC}") = "Chronos", "Chronos\Chronos.csproj", "{A3E192A1-FE82-47D9-A9C1-2B8F279CDCAC}"
EndProject
Project("{FAE04EC0-301F-11D3-BF4B-00C04F79EFBC}") = "RandomTest", "RandomTest\RandomTest.csproj", "{40C7EE4D-7D66-4B1D-ADA3-D6675D25C4DF}"
EndProject
Project("{FAE04EC0-301F-11D3-BF4B-00C04F79EFBC}") = "RanDice", "RanDice\RanDice.csproj", "{481E4C35-4CB2-487B-8D90-7396270481CD}"
EndProject
Project("{FAE04EC0-301F-11D3-BF4B-00C04F79EFBC}") = "MyGame", "MyGame\MyGame.csproj", "{D5822F55-9E1D-4D3E-AE61-CA8ED2D6842D}"
EndProject
Global
	GlobalSection(SolutionConfigurationPlatforms) = preSolution
		Debug|Any CPU = Debug|Any CPU
		Release|Any CPU = Release|Any CPU
	EndGlobalSection
	GlobalSection(SolutionProperties) = preSolution
		HideSolutionNode = FALSE
	EndGlobalSection
	GlobalSection(ProjectConfigurationPlatforms) = postSolution
		{A3E192A1-FE82-47D9-A9C1-2B8F279CDCAC}.Debug|Any CPU.ActiveCfg = Debug|Any CPU
		{A3E192A1-FE82-47D9-A9C1-2B8F279CDCAC}.Debug|Any CPU.Build.0 = Debug|Any CPU
		{A3E192A1-FE82-47D9-A9C1-2B8F279CDCAC}.Release|Any CPU.ActiveCfg = Release|Any CPU
		{A3E192A1-FE82-47D9-A9C1-2B8F279CDCAC}.Release|Any CPU.Build.0 = Release|Any CPU
		{40C7EE4D-7D66-4B1D-ADA3-D6675D25C4DF}.Debug|Any CPU.ActiveCfg = Debug|Any CPU
		{40C7EE4D-7D66-4B1D-ADA3-D6675D25C4DF}.Debug|Any CPU.Build.0 = Debug|Any CPU
		{40C7EE4D-7D66-4B1D-ADA3-D6675D25C4DF}.Release|Any CPU.ActiveCfg = Release|Any CPU
		{40C7EE4D-7D66-4B1D-ADA3-D6675D25C4DF}.Release|Any CPU.Build.0 = Release|Any CPU
		{481E4C35-4CB2-487B-8D90-7396270481CD}.Debug|Any CPU.ActiveCfg = Debug|Any CPU
		{481E4C35-4CB2-487B-8D90-7396270481CD}.Debug|Any CPU.Build.0 = Debug|Any CPU
		{481E4C35-4CB2-487B-8D90-7396270481CD}.Release|Any CPU.ActiveCfg = Release|Any CPU
		{481E4C35-4CB2-487B-8D90-7396270481CD}.Release|Any CPU.Build.0 = Release|Any CPU
		{D5822F55-9E1D-4D3E-AE61-CA8ED2D6842D}.Debug|Any CPU.ActiveCfg = Debug|Any CPU
		{D5822F55-9E1D-4D3E-AE61-CA8ED2D6842D}.Debug|Any CPU.Build.0 = Debug|Any CPU
		{D5822F55-9E1D-4D3E-AE61-CA8ED2D6842D}.Release|Any CPU.ActiveCfg = Release|Any CPU
		{D5822F55-9E1D-4D3E-AE61-CA8ED2D6842D}.Release|Any CPU.Build.0 = Release|Any CPU
	EndGlobalSection
EndGlobal
